<?xml version="1.0" encoding="utf-8"?>
<Project ToolsVersion="4.0" xmlns="http://schemas.microsoft.com/developer/msbuild/2003">
  <ItemGroup>
    <Filter Include="Archivos de origen">
      <UniqueIdentifier>{4FC737F1-C7A5-4376-A066-2A32D752A2FF}</UniqueIdentifier>
      <Extensions>cpp;c;cc;cxx;c++;cppm;ixx;def;odl;idl;hpj;bat;asm;asmx</Extensions>
    </Filter>
    <Filter Include="Archivos de encabezado">
      <UniqueIdentifier>{93995380-89BD-4b04-88EB-625FBE52EBFB}</UniqueIdentifier>
      <Extensions>h;hh;hpp;hxx;h++;hm;inl;inc;ipp;xsd</Extensions>
    </Filter>
    <Filter Include="Archivos de recursos">
      <UniqueIdentifier>{67DA6AB6-F800-4c08-8B7A-83BB121AAD01}</UniqueIdentifier>
      <Extensions>rc;ico;cur;bmp;dlg;rc2;rct;bin;rgs;gif;jpg;jpeg;jpe;resx;tiff;tif;png;wav;mfcribbon-ms</Extensions>
    </Filter>
    <Filter Include="Archivos de encabezado\Genericas">
      <UniqueIdentifier>{9d33131f-0ad1-4987-a80b-55be309f4c02}</UniqueIdentifier>
    </Filter>
    <Filter Include="Archivos de encabezado\Entidades">
      <UniqueIdentifier>{5d84064d-293e-45fd-85a3-7c0623f9ace3}</UniqueIdentifier>
    </Filter>
  </ItemGroup>
  <ItemGroup>
    <Text Include="Forum1.txt">
      <Filter>Archivos de recursos</Filter>
    </Text>
    <Text Include="coursesEnrolled.txt">
      <Filter>Archivos de recursos</Filter>
    </Text>
    <Text Include="courses.txt">
      <Filter>Archivos de recursos</Filter>
    </Text>
  </ItemGroup>
  <ItemGroup>
    <ClInclude Include="Registry.hpp">
      <Filter>Archivos de encabezado</Filter>
    </ClInclude>
    <ClInclude Include="Administrator.hpp">
      <Filter>Archivos de encabezado\Entidades</Filter>
    </ClInclude>
    <ClInclude Include="Course.hpp">
      <Filter>Archivos de encabezado\Entidades</Filter>
    </ClInclude>
    <ClInclude Include="Message.hpp">
      <Filter>Archivos de encabezado\Entidades</Filter>
    </ClInclude>
    <ClInclude Include="User.hpp">
      <Filter>Archivos de encabezado\Entidades</Filter>
    </ClInclude>
    <ClInclude Include="Professor.hpp">
      <Filter>Archivos de encabezado\Entidades</Filter>
    </ClInclude>
    <ClInclude Include="Student.hpp">
      <Filter>Archivos de encabezado\Entidades</Filter>
    </ClInclude>
    <ClInclude Include="BST.hpp">
      <Filter>Archivos de encabezado\Genericas</Filter>
    </ClInclude>
    <ClInclude Include="DLL.hpp">
      <Filter>Archivos de encabezado\Genericas</Filter>
    </ClInclude>
    <ClInclude Include="Vector.hpp">
      <Filter>Archivos de encabezado\Genericas</Filter>
    </ClInclude>
    <ClInclude Include="HT.hpp">
      <Filter>Archivos de encabezado\Genericas</Filter>
    </ClInclude>
    <ClInclude Include="Library.hpp">
      <Filter>Archivos de encabezado\Entidades</Filter>
    </ClInclude>
    <ClInclude Include="Graph.hpp">
      <Filter>Archivos de encabezado\Genericas</Filter>
    </ClInclude>
    <ClInclude Include="Queue.hpp">
      <Filter>Archivos de encabezado\Genericas</Filter>
    </ClInclude>
    <ClInclude Include="Book.hpp">
      <Filter>Archivos de encabezado\Entidades</Filter>
    </ClInclude>
    <ClInclude Include="Forum.hpp">
      <Filter>Archivos de encabezado\Entidades</Filter>
    </ClInclude>
    <ClInclude Include="CourseManager.hpp">
      <Filter>Archivos de encabezado\Entidades</Filter>
    </ClInclude>
  </ItemGroup>
  <ItemGroup>
    <ClCompile Include="main.cpp">
      <Filter>Archivos de origen</Filter>
    </ClCompile>
  </ItemGroup>
  <ItemGroup>
    <None Include="students.csv">
      <Filter>Archivos de recursos</Filter>
    </None>
    <None Include="professors.csv">
      <Filter>Archivos de recursos</Filter>
    </None>
    <None Include="admins.csv">
      <Filter>Archivos de recursos</Filter>
    </None>
    <None Include="books.csv">
      <Filter>Archivos de recursos</Filter>
    </None>
    <None Include="..\..\..\..\..\Documents\GitHub\Trabajo-Final-Algoritmos\TB Algoritmos\courses.csv">
      <Filter>Archivos de recursos</Filter>
    </None>
  </ItemGroup>
</Project>